
Microsoft Visual Studio Solution File, Format Version 12.00
# Visual Studio Version 16
VisualStudioVersion = 16.0.30804.86
MinimumVisualStudioVersion = 10.0.40219.1
Project("{FAE04EC0-301F-11D3-BF4B-00C04F79EFBC}") = "дисторсия1", "дисторсия1\дисторсия1.csproj", "{07488917-1327-447E-81D0-7FD485939ABF}"
EndProject
Global
	GlobalSection(SolutionConfigurationPlatforms) = preSolution
		Debug|Any CPU = Debug|Any CPU
		Release|Any CPU = Release|Any CPU
	EndGlobalSection
	GlobalSection(ProjectConfigurationPlatforms) = postSolution
		{07488917-1327-447E-81D0-7FD485939ABF}.Debug|Any CPU.ActiveCfg = Debug|Any CPU
		{07488917-1327-447E-81D0-7FD485939ABF}.Debug|Any CPU.Build.0 = Debug|Any CPU
		{07488917-1327-447E-81D0-7FD485939ABF}.Release|Any CPU.ActiveCfg = Release|Any CPU
		{07488917-1327-447E-81D0-7FD485939ABF}.Release|Any CPU.Build.0 = Release|Any CPU
	EndGlobalSection
	GlobalSection(SolutionProperties) = preSolution
		HideSolutionNode = FALSE
	EndGlobalSection
	GlobalSection(ExtensibilityGlobals) = postSolution
		SolutionGuid = {688BA5F6-6033-461C-8669-C1DCD1E00CCF}
	EndGlobalSection
EndGlobal
